
Microsoft Visual Studio Solution File, Format Version 12.00
# Visual Studio Version 17
VisualStudioVersion = 17.13.35825.156
MinimumVisualStudioVersion = 10.0.40219.1
Project("{FAE04EC0-301F-11D3-BF4B-00C04F79EFBC}") = "API_Maquinas", "API_Maquinas\API_Maquinas.csproj", "{62096FEF-4FF8-4E94-BF96-F026BA2573DF}"
EndProject
Global
	GlobalSection(SolutionConfigurationPlatforms) = preSolution
		Debug|Any CPU = Debug|Any CPU
		Release|Any CPU = Release|Any CPU
	EndGlobalSection
	GlobalSection(ProjectConfigurationPlatforms) = postSolution
		{62096FEF-4FF8-4E94-BF96-F026BA2573DF}.Debug|Any CPU.ActiveCfg = Debug|Any CPU
		{62096FEF-4FF8-4E94-BF96-F026BA2573DF}.Debug|Any CPU.Build.0 = Debug|Any CPU
		{62096FEF-4FF8-4E94-BF96-F026BA2573DF}.Release|Any CPU.ActiveCfg = Release|Any CPU
		{62096FEF-4FF8-4E94-BF96-F026BA2573DF}.Release|Any CPU.Build.0 = Release|Any CPU
	EndGlobalSection
	GlobalSection(SolutionProperties) = preSolution
		HideSolutionNode = FALSE
	EndGlobalSection
	GlobalSection(ExtensibilityGlobals) = postSolution
		SolutionGuid = {4108A244-12A4-4E3C-BFC6-E455395D80C8}
	EndGlobalSection
EndGlobal
